
Microsoft Visual Studio Solution File, Format Version 11.00
# Visual Studio 2010
Project("{8BC9CEB8-8B4A-11D0-8D11-00A0C91BC942}") = "Eco.ASNOne.BER1", "Eco.ASNOne.BER1.vcxproj", "{B31BB829-EFF8-4A3A-81B7-478831790DC7}"
EndProject
Project("{8BC9CEB8-8B4A-11D0-8D11-00A0C91BC942}") = "Eco.ASNOne.BER1UnitTest", "Eco.ASNOne.BER1UnitTest.vcxproj", "{7954BB0F-5EE0-4C7C-8F42-D7913D5FCAEA}"
EndProject
Project("{8BC9CEB8-8B4A-11D0-8D11-00A0C91BC942}") = "Eco.ASNOne1Example", "Eco.ASNOne1Example.vcxproj", "{C2C48A90-839B-4410-AEE2-4D13AC7228B3}"
EndProject
Global
	GlobalSection(SolutionConfigurationPlatforms) = preSolution
		DynamicDebug|Win32 = DynamicDebug|Win32
		DynamicRelease|Win32 = DynamicRelease|Win32
		StaticDebug|Win32 = StaticDebug|Win32
		StaticRelease|Win32 = StaticRelease|Win32
	EndGlobalSection
	GlobalSection(ProjectConfigurationPlatforms) = postSolution
		{B31BB829-EFF8-4A3A-81B7-478831790DC7}.DynamicDebug|Win32.ActiveCfg = DynamicDebug|Win32
		{B31BB829-EFF8-4A3A-81B7-478831790DC7}.DynamicDebug|Win32.Build.0 = DynamicDebug|Win32
		{B31BB829-EFF8-4A3A-81B7-478831790DC7}.DynamicRelease|Win32.ActiveCfg = DynamicRelease|Win32
		{B31BB829-EFF8-4A3A-81B7-478831790DC7}.DynamicRelease|Win32.Build.0 = DynamicRelease|Win32
		{B31BB829-EFF8-4A3A-81B7-478831790DC7}.StaticDebug|Win32.ActiveCfg = StaticDebug|Win32
		{B31BB829-EFF8-4A3A-81B7-478831790DC7}.StaticDebug|Win32.Build.0 = StaticDebug|Win32
		{B31BB829-EFF8-4A3A-81B7-478831790DC7}.StaticRelease|Win32.ActiveCfg = StaticRelease|Win32
		{B31BB829-EFF8-4A3A-81B7-478831790DC7}.StaticRelease|Win32.Build.0 = StaticRelease|Win32
		{7954BB0F-5EE0-4C7C-8F42-D7913D5FCAEA}.DynamicDebug|Win32.ActiveCfg = StaticRelease|Win32
		{7954BB0F-5EE0-4C7C-8F42-D7913D5FCAEA}.DynamicDebug|Win32.Build.0 = StaticRelease|Win32
		{7954BB0F-5EE0-4C7C-8F42-D7913D5FCAEA}.DynamicRelease|Win32.ActiveCfg = StaticRelease|Win32
		{7954BB0F-5EE0-4C7C-8F42-D7913D5FCAEA}.DynamicRelease|Win32.Build.0 = StaticRelease|Win32
		{7954BB0F-5EE0-4C7C-8F42-D7913D5FCAEA}.StaticDebug|Win32.ActiveCfg = StaticDebug|Win32
		{7954BB0F-5EE0-4C7C-8F42-D7913D5FCAEA}.StaticDebug|Win32.Build.0 = StaticDebug|Win32
		{7954BB0F-5EE0-4C7C-8F42-D7913D5FCAEA}.StaticRelease|Win32.ActiveCfg = StaticRelease|Win32
		{7954BB0F-5EE0-4C7C-8F42-D7913D5FCAEA}.StaticRelease|Win32.Build.0 = StaticRelease|Win32
		{C2C48A90-839B-4410-AEE2-4D13AC7228B3}.DynamicDebug|Win32.ActiveCfg = DynamicDebug|Win32
		{C2C48A90-839B-4410-AEE2-4D13AC7228B3}.DynamicDebug|Win32.Build.0 = DynamicDebug|Win32
		{C2C48A90-839B-4410-AEE2-4D13AC7228B3}.DynamicRelease|Win32.ActiveCfg = DynamicRelease|Win32
		{C2C48A90-839B-4410-AEE2-4D13AC7228B3}.DynamicRelease|Win32.Build.0 = DynamicRelease|Win32
		{C2C48A90-839B-4410-AEE2-4D13AC7228B3}.StaticDebug|Win32.ActiveCfg = StaticDebug|Win32
		{C2C48A90-839B-4410-AEE2-4D13AC7228B3}.StaticDebug|Win32.Build.0 = StaticDebug|Win32
		{C2C48A90-839B-4410-AEE2-4D13AC7228B3}.StaticRelease|Win32.ActiveCfg = StaticRelease|Win32
		{C2C48A90-839B-4410-AEE2-4D13AC7228B3}.StaticRelease|Win32.Build.0 = StaticRelease|Win32
	EndGlobalSection
	GlobalSection(SolutionProperties) = preSolution
		HideSolutionNode = FALSE
	EndGlobalSection
EndGlobal
